
Microsoft Visual Studio Solution File, Format Version 12.00
# Visual Studio Version 17
VisualStudioVersion = 17.3.32929.385
MinimumVisualStudioVersion = 10.0.40219.1
Project("{FAE04EC0-301F-11D3-BF4B-00C04F79EFBC}") = "MixProject", "MixProject\MixProject.csproj", "{94A33220-011D-4415-9022-0BD78BBC204F}"
EndProject
Global
	GlobalSection(SolutionConfigurationPlatforms) = preSolution
		Debug|Any CPU = Debug|Any CPU
		Release|Any CPU = Release|Any CPU
	EndGlobalSection
	GlobalSection(ProjectConfigurationPlatforms) = postSolution
		{94A33220-011D-4415-9022-0BD78BBC204F}.Debug|Any CPU.ActiveCfg = Debug|Any CPU
		{94A33220-011D-4415-9022-0BD78BBC204F}.Debug|Any CPU.Build.0 = Debug|Any CPU
		{94A33220-011D-4415-9022-0BD78BBC204F}.Release|Any CPU.ActiveCfg = Release|Any CPU
		{94A33220-011D-4415-9022-0BD78BBC204F}.Release|Any CPU.Build.0 = Release|Any CPU
	EndGlobalSection
	GlobalSection(SolutionProperties) = preSolution
		HideSolutionNode = FALSE
	EndGlobalSection
	GlobalSection(ExtensibilityGlobals) = postSolution
		SolutionGuid = {8F27C391-B7A9-4127-BB25-4290B804239F}
	EndGlobalSection
EndGlobal
